# THIS IS AN AUTOGENERATED FILE. DO NOT EDIT THIS FILE DIRECTLY.
# yarn lockfile v1


"@types/node@*", "@types/node@^20.2.3":
  version "20.2.3"
  resolved "https://registry.yarnpkg.com/@types/node/-/node-20.2.3.tgz#b31eb300610c3835ac008d690de6f87e28f9b878"
  integrity sha512-pg9d0yC4rVNWQzX8U7xb4olIOFuuVL9za3bzMT2pu2SU0SNEi66i2qrvhE2qt0HvkhuCaWJu7pLNOt/Pj8BIrw==

"@types/pg@^8.10.1":
  version "8.10.1"
  resolved "https://registry.yarnpkg.com/@types/pg/-/pg-8.10.1.tgz#abdeb37983c1ad96d9eb8fc47e444cbe4711ec89"
  integrity sha512-AmEHA/XxMxemQom5iDwP62FYNkv+gDDnetRG7v2N2dPtju7UKI7FknUimcZo7SodKTHtckYPzaTqUEvUKbVJEA==
  dependencies:
    "@types/node" "*"
    pg-protocol "*"
    pg-types "^4.0.1"

buffer-writer@2.0.0:
  version "2.0.0"
  resolved "https://registry.yarnpkg.com/buffer-writer/-/buffer-writer-2.0.0.tgz#ce7eb81a38f7829db09c873f2fbb792c0c98ec04"
  integrity sha512-a7ZpuTZU1TRtnwyCNW3I5dc0wWNC3VR9S++Ewyk2HHZdrO3CQJqSpd+95Us590V6AL7JqUAH2IwZ/398PmNFgw==

commander@^9.1.0:
  version "9.1.0"
  resolved "https://registry.yarnpkg.com/commander/-/commander-9.1.0.tgz#a6b263b2327f2e188c6402c42623327909f2dbec"
  integrity sha512-i0/MaqBtdbnJ4XQs4Pmyb+oFQl+q0lsAmokVUH92SlSw4fkeAcG3bVon+Qt7hmtF+u3Het6o4VgrcY3qAoEB6w==

kysely@^0.24.2:
  version "0.24.2"
  resolved "https://registry.yarnpkg.com/kysely/-/kysely-0.24.2.tgz#caf3be037939bd20449c0b7840e932f074b4d12c"
  integrity sha512-+7eaTJNUYm2yRq1x+lEOZc+78TO35dTZ9b0dh49+Z9CTt2byMSbMiOKpwPlOyCAaHD4kILkAYWYZNywFlmBwRA==

obuf@~1.1.2:
  version "1.1.2"
  resolved "https://registry.yarnpkg.com/obuf/-/obuf-1.1.2.tgz#09bea3343d41859ebd446292d11c9d4db619084e"
  integrity sha512-PX1wu0AmAdPqOL1mWhqmlOd8kOIZQwGZw6rh7uby9fTc5lhaOWFLX3I6R1hrF9k3zUY40e6igsLGkDXK92LJNg==

packet-reader@1.0.0:
  version "1.0.0"
  resolved "https://registry.yarnpkg.com/packet-reader/-/packet-reader-1.0.0.tgz#9238e5480dedabacfe1fe3f2771063f164157d74"
  integrity sha512-HAKu/fG3HpHFO0AA8WE8q2g+gBJaZ9MG7fcKk+IJPLTGAD6Psw4443l+9DGRbOIh3/aXr7Phy0TjilYivJo5XQ==

pg-cloudflare@^1.1.0:
  version "1.1.0"
  resolved "https://registry.yarnpkg.com/pg-cloudflare/-/pg-cloudflare-1.1.0.tgz#833d70870d610d14bf9df7afb40e1cba310c17a0"
  integrity sha512-tGM8/s6frwuAIyRcJ6nWcIvd3+3NmUKIs6OjviIm1HPPFEt5MzQDOTBQyhPWg/m0kCl95M6gA1JaIXtS8KovOA==

pg-connection-string@^2.6.0:
  version "2.6.0"
  resolved "https://registry.yarnpkg.com/pg-connection-string/-/pg-connection-string-2.6.0.tgz#12a36cc4627df19c25cc1b9b736cc39ee1f73ae8"
  integrity sha512-x14ibktcwlHKoHxx9X3uTVW9zIGR41ZB6QNhHb21OPNdCCO3NaRnpJuwKIQSR4u+Yqjx4HCvy7Hh7VSy1U4dGg==

pg-cursor@^2.10.0:
  version "2.10.0"
  resolved "https://registry.yarnpkg.com/pg-cursor/-/pg-cursor-2.10.0.tgz#96174d61698c9709c7a0ab504b739d532443c7d3"
  integrity sha512-azXIjeIGBwlv/icYyuki5xJYfVSXeirGn4+mvAmYTB8SY0gS1xhluc2CENnq1JrcVSA81lWZgtqc1GAAhH/UuQ==

pg-int8@1.0.1:
  version "1.0.1"
  resolved "https://registry.yarnpkg.com/pg-int8/-/pg-int8-1.0.1.tgz#943bd463bf5b71b4170115f80f8efc9a0c0eb78c"
  integrity sha512-WCtabS6t3c8SkpDBUlb1kjOs7l66xsGdKpIPZsg4wR+B3+u9UAum2odSsF9tnvxg80h4ZxLWMy4pRjOsFIqQpw==

pg-numeric@1.0.2:
  version "1.0.2"
  resolved "https://registry.yarnpkg.com/pg-numeric/-/pg-numeric-1.0.2.tgz#816d9a44026086ae8ae74839acd6a09b0636aa3a"
  integrity sha512-BM/Thnrw5jm2kKLE5uJkXqqExRUY/toLHda65XgFTBTFYZyopbKjBe29Ii3RbkvlsMoFwD+tHeGaCjjv0gHlyw==

pg-pool@^3.6.0:
  version "3.6.0"
  resolved "https://registry.yarnpkg.com/pg-pool/-/pg-pool-3.6.0.tgz#3190df3e4747a0d23e5e9e8045bcd99bda0a712e"
  integrity sha512-clFRf2ksqd+F497kWFyM21tMjeikn60oGDmqMT8UBrynEwVEX/5R5xd2sdvdo1cZCFlguORNpVuqxIj+aK4cfQ==

pg-protocol@*, pg-protocol@^1.6.0:
  version "1.6.0"
  resolved "https://registry.yarnpkg.com/pg-protocol/-/pg-protocol-1.6.0.tgz#4c91613c0315349363af2084608db843502f8833"
  integrity sha512-M+PDm637OY5WM307051+bsDia5Xej6d9IR4GwJse1qA1DIhiKlksvrneZOYQq42OM+spubpcNYEo2FcKQrDk+Q==

pg-types@^2.1.0:
  version "2.2.0"
  resolved "https://registry.yarnpkg.com/pg-types/-/pg-types-2.2.0.tgz#2d0250d636454f7cfa3b6ae0382fdfa8063254a3"
  integrity sha512-qTAAlrEsl8s4OiEQY69wDvcMIdQN6wdz5ojQiOy6YRMuynxenON0O5oCpJI6lshc6scgAY8qvJ2On/p+CXY0GA==
  dependencies:
    pg-int8 "1.0.1"
    postgres-array "~2.0.0"
    postgres-bytea "~1.0.0"
    postgres-date "~1.0.4"
    postgres-interval "^1.1.0"

pg-types@^4.0.1:
  version "4.0.1"
  resolved "https://registry.yarnpkg.com/pg-types/-/pg-types-4.0.1.tgz#31857e89d00a6c66b06a14e907c3deec03889542"
  integrity sha512-hRCSDuLII9/LE3smys1hRHcu5QGcLs9ggT7I/TCs0IE+2Eesxi9+9RWAAwZ0yaGjxoWICF/YHLOEjydGujoJ+g==
  dependencies:
    pg-int8 "1.0.1"
    pg-numeric "1.0.2"
    postgres-array "~3.0.1"
    postgres-bytea "~3.0.0"
    postgres-date "~2.0.1"
    postgres-interval "^3.0.0"
    postgres-range "^1.1.1"

pg@^8.11.0:
  version "8.11.0"
  resolved "https://registry.yarnpkg.com/pg/-/pg-8.11.0.tgz#a37e534e94b57a7ed811e926f23a7c56385f55d9"
  integrity sha512-meLUVPn2TWgJyLmy7el3fQQVwft4gU5NGyvV0XbD41iU9Jbg8lCH4zexhIkihDzVHJStlt6r088G6/fWeNjhXA==
  dependencies:
    buffer-writer "2.0.0"
    packet-reader "1.0.0"
    pg-connection-string "^2.6.0"
    pg-pool "^3.6.0"
    pg-protocol "^1.6.0"
    pg-types "^2.1.0"
    pgpass "1.x"
  optionalDependencies:
    pg-cloudflare "^1.1.0"

pgpass@1.x:
  version "1.0.5"
  resolved "https://registry.yarnpkg.com/pgpass/-/pgpass-1.0.5.tgz#9b873e4a564bb10fa7a7dbd55312728d422a223d"
  integrity sha512-FdW9r/jQZhSeohs1Z3sI1yxFQNFvMcnmfuj4WBMUTxOrAyLMaTcE1aAMBiTlbMNaXvBCQuVi0R7hd8udDSP7ug==
  dependencies:
    split2 "^4.1.0"

postgres-array@~2.0.0:
  version "2.0.0"
  resolved "https://registry.yarnpkg.com/postgres-array/-/postgres-array-2.0.0.tgz#48f8fce054fbc69671999329b8834b772652d82e"
  integrity sha512-VpZrUqU5A69eQyW2c5CA1jtLecCsN2U/bD6VilrFDWq5+5UIEVO7nazS3TEcHf1zuPYO/sqGvUvW62g86RXZuA==

postgres-array@~3.0.1:
  version "3.0.2"
  resolved "https://registry.yarnpkg.com/postgres-array/-/postgres-array-3.0.2.tgz#68d6182cb0f7f152a7e60dc6a6889ed74b0a5f98"
  integrity sha512-6faShkdFugNQCLwucjPcY5ARoW1SlbnrZjmGl0IrrqewpvxvhSLHimCVzqeuULCbG0fQv7Dtk1yDbG3xv7Veog==

postgres-bytea@~1.0.0:
  version "1.0.0"
  resolved "https://registry.yarnpkg.com/postgres-bytea/-/postgres-bytea-1.0.0.tgz#027b533c0aa890e26d172d47cf9ccecc521acd35"
  integrity sha512-xy3pmLuQqRBZBXDULy7KbaitYqLcmxigw14Q5sj8QBVLqEwXfeybIKVWiqAXTlcvdvb0+xkOtDbfQMOf4lST1w==

postgres-bytea@~3.0.0:
  version "3.0.0"
  resolved "https://registry.yarnpkg.com/postgres-bytea/-/postgres-bytea-3.0.0.tgz#9048dc461ac7ba70a6a42d109221619ecd1cb089"
  integrity sha512-CNd4jim9RFPkObHSjVHlVrxoVQXz7quwNFpz7RY1okNNme49+sVyiTvTRobiLV548Hx/hb1BG+iE7h9493WzFw==
  dependencies:
    obuf "~1.1.2"

postgres-date@~1.0.4:
  version "1.0.7"
  resolved "https://registry.yarnpkg.com/postgres-date/-/postgres-date-1.0.7.tgz#51bc086006005e5061c591cee727f2531bf641a8"
  integrity sha512-suDmjLVQg78nMK2UZ454hAG+OAW+HQPZ6n++TNDUX+L0+uUlLywnoxJKDou51Zm+zTCjrCl0Nq6J9C5hP9vK/Q==

postgres-date@~2.0.1:
  version "2.0.1"
  resolved "https://registry.yarnpkg.com/postgres-date/-/postgres-date-2.0.1.tgz#638b62e5c33764c292d37b08f5257ecb09231457"
  integrity sha512-YtMKdsDt5Ojv1wQRvUhnyDJNSr2dGIC96mQVKz7xufp07nfuFONzdaowrMHjlAzY6GDLd4f+LUHHAAM1h4MdUw==

postgres-interval@^1.1.0:
  version "1.2.0"
  resolved "https://registry.yarnpkg.com/postgres-interval/-/postgres-interval-1.2.0.tgz#b460c82cb1587507788819a06aa0fffdb3544695"
  integrity sha512-9ZhXKM/rw350N1ovuWHbGxnGh/SNJ4cnxHiM0rxE4VN41wsg8P8zWn9hv/buK00RP4WvlOyr/RBDiptyxVbkZQ==
  dependencies:
    xtend "^4.0.0"

postgres-interval@^3.0.0:
  version "3.0.0"
  resolved "https://registry.yarnpkg.com/postgres-interval/-/postgres-interval-3.0.0.tgz#baf7a8b3ebab19b7f38f07566c7aab0962f0c86a"
  integrity sha512-BSNDnbyZCXSxgA+1f5UU2GmwhoI0aU5yMxRGO8CdFEcY2BQF9xm/7MqKnYoM1nJDk8nONNWDk9WeSmePFhQdlw==

postgres-range@^1.1.1:
  version "1.1.3"
  resolved "https://registry.yarnpkg.com/postgres-range/-/postgres-range-1.1.3.tgz#9ccd7b01ca2789eb3c2e0888b3184225fa859f76"
  integrity sha512-VdlZoocy5lCP0c/t66xAfclglEapXPCIVhqqJRncYpvbCgImF0w67aPKfbqUMr72tO2k5q0TdTZwCLjPTI6C9g==

split2@^4.1.0:
  version "4.2.0"
  resolved "https://registry.yarnpkg.com/split2/-/split2-4.2.0.tgz#c9c5920904d148bab0b9f67145f245a86aadbfa4"
  integrity sha512-UcjcJOWknrNkF6PLX83qcHM6KHgVKNkV62Y8a5uYDVv9ydGQVwAHMKqHdJje1VTWpljG0WYpCDhrCdAOYH4TWg==

typescript@^5.0.4:
  version "5.0.4"
  resolved "https://registry.yarnpkg.com/typescript/-/typescript-5.0.4.tgz#b217fd20119bd61a94d4011274e0ab369058da3b"
  integrity sha512-cW9T5W9xY37cc+jfEnaUvX91foxtHkza3Nw3wkoF4sSlKn0MONdkdEndig/qPBWXNkmplh3NzayQzCiHM4/hqw==

xtend@^4.0.0:
  version "4.0.2"
  resolved "https://registry.yarnpkg.com/xtend/-/xtend-4.0.2.tgz#bb72779f5fa465186b1f438f674fa347fdb5db54"
  integrity sha512-LKYU1iAXJXUgAXn9URjiu+MWhyUXHsvfp7mcuYm9dSUKK0/CjtrUwFAxD82/mCWbtLsGjFIad0wIsod4zrTAEQ==
